
Microsoft Visual Studio Solution File, Format Version 12.00
# Visual Studio Version 16
VisualStudioVersion = 16.0.29926.136
MinimumVisualStudioVersion = 10.0.40219.1
Project("{FAE04EC0-301F-11D3-BF4B-00C04F79EFBC}") = "serviceappwebtraining", "serviceappwebtraining\serviceappwebtraining.csproj", "{398F5369-6547-4AA1-97FC-8107FD9E32F1}"
EndProject
Global
	GlobalSection(SolutionConfigurationPlatforms) = preSolution
		Debug|Any CPU = Debug|Any CPU
		Release|Any CPU = Release|Any CPU
	EndGlobalSection
	GlobalSection(ProjectConfigurationPlatforms) = postSolution
		{398F5369-6547-4AA1-97FC-8107FD9E32F1}.Debug|Any CPU.ActiveCfg = Debug|Any CPU
		{398F5369-6547-4AA1-97FC-8107FD9E32F1}.Debug|Any CPU.Build.0 = Debug|Any CPU
		{398F5369-6547-4AA1-97FC-8107FD9E32F1}.Release|Any CPU.ActiveCfg = Release|Any CPU
		{398F5369-6547-4AA1-97FC-8107FD9E32F1}.Release|Any CPU.Build.0 = Release|Any CPU
	EndGlobalSection
	GlobalSection(SolutionProperties) = preSolution
		HideSolutionNode = FALSE
	EndGlobalSection
	GlobalSection(ExtensibilityGlobals) = postSolution
		SolutionGuid = {B22F074C-09F6-4AF7-8831-F035D397F907}
	EndGlobalSection
EndGlobal
